%{
  "absinthe": {:hex, :absinthe, "1.4.16", "0933e4d9f12652b12115d5709c0293a1bf78a22578032e9ad0dad4efee6b9eb1", [:mix], [{:dataloader, "~> 1.0.0", [hex: :dataloader, repo: "hexpm", optional: true]}, {:decimal, "~> 1.0", [hex: :decimal, repo: "hexpm", optional: true]}], "hexpm"},
  "absinthe_plug": {:hex, :absinthe_plug, "1.4.7", "939b6b9e1c7abc6b399a5b49faa690a1fbb55b195c670aa35783b14b08ccec7a", [:mix], [{:absinthe, "~> 1.4.11", [hex: :absinthe, repo: "hexpm", optional: false]}, {:plug, "~> 1.3.2 or ~> 1.4", [hex: :plug, repo: "hexpm", optional: false]}], "hexpm"},
  "backoff": {:hex, :backoff, "1.1.6", "83b72ed2108ba1ee8f7d1c22e0b4a00cfe3593a67dbc792799e8cce9f42f796b", [:rebar3], [], "hexpm"},
  "base32": {:hex, :base32, "0.1.0", "044f6dc95709727ca2176f3e97a41ddaa76b5bc690d3536908618c0cb32616a2", [:rebar3], [], "hexpm"},
  "blockchain": {:git, "git@github.com:helium/blockchain-core.git", "9a030067ee85d26ef1634ec0a0c52ef8b083e68d", [branch: "master"]},
  "clique": {:git, "https://github.com/helium/clique.git", "e327ba3058004c32dd2166416a60497ba87933af", [branch: "develop"]},
  "cowboy": {:hex, :cowboy, "2.6.3", "99aa50e94e685557cad82e704457336a453d4abcb77839ad22dbe71f311fcc06", [:rebar3], [{:cowlib, "~> 2.7.3", [hex: :cowlib, repo: "hexpm", optional: false]}, {:ranch, "~> 1.7.1", [hex: :ranch, repo: "hexpm", optional: false]}], "hexpm"},
  "cowlib": {:hex, :cowlib, "2.7.3", "a7ffcd0917e6d50b4d5fb28e9e2085a0ceb3c97dea310505f7460ff5ed764ce9", [:rebar3], [], "hexpm"},
  "cuttlefish": {:git, "https://github.com/helium/cuttlefish.git", "8672838e8f4ef61602aee6e4ff97ec9be54031dc", [branch: "develop"]},
  "e2qc": {:git, "https://github.com/project-fifo/e2qc", "8189497ff281e3ca10c4ac38cdabc07918b4d159", [branch: "master"]},
  "ecc_compact": {:hex, :ecc_compact, "1.0.4", "b2dda47a6810b59a24331f3c864001a2fde1c85a7bc31e52e7b6b2ee532f5627", [:rebar3], [], "hexpm"},
  "enacl": {:hex, :enacl, "0.17.2", "4ad59142943e72d72c56e33c30dedef28add8ebee79c51033562b0cb4b93ede0", [:rebar3], [], "hexpm"},
  "erl_angry_purple_tiger": {:git, "https://github.com/helium/erl_angry_purple_tiger.git", "c5476b6639314a75a99400c9dfa7603b24a6d18a", [branch: "master"]},
  "erl_base58": {:hex, :erl_base58, "0.0.1", "37710854461d71df338e73c65776302db41c4bab4674d2ec134ed7bcfc7b5552", [:rebar3], [], "hexpm"},
  "erlang_stats": {:git, "https://github.com/helium/erlang-stats.git", "c37a5198ddd0e82215481e7bff378ab9c297fdb8", [branch: "master"]},
  "getopt": {:hex, :getopt, "1.0.1", "c73a9fa687b217f2ff79f68a3b637711bb1936e712b521d8ce466b29cbf7808a", [:rebar3], [], "hexpm"},
  "gettext": {:hex, :gettext, "0.17.0", "abe21542c831887a2b16f4c94556db9c421ab301aee417b7c4fbde7fbdbe01ec", [:mix], [], "hexpm"},
  "goldrush": {:hex, :goldrush, "0.1.9", "f06e5d5f1277da5c413e84d5a2924174182fb108dabb39d5ec548b27424cd106", [:rebar3], [], "hexpm"},
  "gpb": {:hex, :gpb, "4.2.1", "3ae57fdfa1b78c155ea27d86886eb248002180c447d8b450d276a908da272509", [:make, :rebar], [], "hexpm"},
  "h3": {:git, "https://github.com/helium/erlang-h3.git", "6389f8bdd67e93a8d1b5cccbc50a82f86858cf79", [branch: "master"]},
  "inert": {:hex, :inert, "1.0.0", "df4a4e0239c5d25fe192620f7be054df88845e8fc9f3a8049837de334f04068e", [:rebar3], [], "hexpm"},
  "inet_cidr": {:hex, :erl_cidr, "1.0.2", "4814a5b78b969a5e069b0cecbb102622ab0c459b690053ed94543cd529915a43", [:rebar3], [], "hexpm"},
  "inet_ext": {:git, "https://github.com/benoitc/inet_ext", "a5fc4045e49cdad49fbd760365b06dcb35e51520", [branch: "master"]},
  "intercept": {:hex, :intercept, "1.0.0", "1f6c725e6fc070720643bd4d97ee53b1209365c80e520e1f5a1acb36712a7eb5", [:rebar3], [], "hexpm"},
  "jason": {:hex, :jason, "1.1.2", "b03dedea67a99223a2eaf9f1264ce37154564de899fd3d8b9a21b1a6fd64afe7", [:mix], [{:decimal, "~> 1.0", [hex: :decimal, repo: "hexpm", optional: true]}], "hexpm"},
  "lager": {:hex, :lager, "3.6.7", "2fbf823944caa0fc10df5ec13f3f047524a249bb32f0d801b7900c9610264286", [:rebar3], [{:goldrush, "0.1.9", [hex: :goldrush, repo: "hexpm", optional: false]}], "hexpm"},
  "libp2p": {:git, "https://github.com/helium/erlang-libp2p.git", "b8803aaf547a48db3fc62af7e64ae619bf55e104", [branch: "master"]},
  "mime": {:hex, :mime, "1.3.1", "30ce04ab3175b6ad0bdce0035cba77bba68b813d523d1aac73d9781b4d193cf8", [:mix], [], "hexpm"},
  "multiaddr": {:hex, :multiaddr, "1.1.3", "978e58e28f6facaf428c87af933612b1e2f3f2775f1794eda5e831a4eacd2984", [:rebar3], [{:base32, "0.1.0", [hex: :base32, repo: "hexpm", optional: false]}, {:erl_base58, "0.0.1", [hex: :erl_base58, repo: "hexpm", optional: false]}, {:small_ints, "0.1.0", [hex: :small_ints, repo: "hexpm", optional: false]}], "hexpm"},
  "nat": {:git, "https://github.com/benoitc/erlang-nat", "e5e8ada57e85db60b9ec0903e5bf8342c1c6a6e5", [branch: "master"]},
  "phoenix": {:hex, :phoenix, "1.4.10", "619e4a545505f562cd294df52294372d012823f4fd9d34a6657a8b242898c255", [:mix], [{:jason, "~> 1.0", [hex: :jason, repo: "hexpm", optional: true]}, {:phoenix_pubsub, "~> 1.1", [hex: :phoenix_pubsub, repo: "hexpm", optional: false]}, {:plug, "~> 1.8.1 or ~> 1.9", [hex: :plug, repo: "hexpm", optional: false]}, {:plug_cowboy, "~> 1.0 or ~> 2.0", [hex: :plug_cowboy, repo: "hexpm", optional: true]}, {:telemetry, "~> 0.4", [hex: :telemetry, repo: "hexpm", optional: false]}], "hexpm"},
  "phoenix_pubsub": {:hex, :phoenix_pubsub, "1.1.2", "496c303bdf1b2e98a9d26e89af5bba3ab487ba3a3735f74bf1f4064d2a845a3e", [:mix], [], "hexpm"},
  "plug": {:hex, :plug, "1.8.3", "12d5f9796dc72e8ac9614e94bda5e51c4c028d0d428e9297650d09e15a684478", [:mix], [{:mime, "~> 1.0", [hex: :mime, repo: "hexpm", optional: false]}, {:plug_crypto, "~> 1.0", [hex: :plug_crypto, repo: "hexpm", optional: false]}, {:telemetry, "~> 0.4", [hex: :telemetry, repo: "hexpm", optional: true]}], "hexpm"},
  "plug_cowboy": {:hex, :plug_cowboy, "2.1.0", "b75768153c3a8a9e8039d4b25bb9b14efbc58e9c4a6e6a270abff1cd30cbe320", [:mix], [{:cowboy, "~> 2.5", [hex: :cowboy, repo: "hexpm", optional: false]}, {:plug, "~> 1.7", [hex: :plug, repo: "hexpm", optional: false]}], "hexpm"},
  "plug_crypto": {:hex, :plug_crypto, "1.0.0", "18e49317d3fa343f24620ed22795ec29d4a5e602d52d1513ccea0b07d8ea7d4d", [:mix], [], "hexpm"},
  "procket": {:hex, :procket, "0.9.3", "593e907645307bc854ce3532f3f9c07987d8dc9848180cd2ee408fd92b22cc1e", [:rebar3], [], "hexpm"},
  "ranch": {:hex, :ranch, "1.7.1", "6b1fab51b49196860b733a49c07604465a47bdb78aa10c1c16a3d199f7f8c881", [:rebar3], [], "hexpm"},
  "rand_compat": {:hex, :rand_compat, "0.0.3", "011646bc1f0b0c432fe101b816f25b9bbb74a085713cee1dafd2d62e9415ead3", [:rebar3], [], "hexpm"},
  "relcast": {:git, "https://github.com/helium/relcast.git", "52901cf8a13b7f905bf0a000e4e55a3512e505e8", [branch: "master"]},
  "rocksdb": {:hex, :rocksdb, "1.3.2", "2bf7edaa8852798edd92dfddbe5fa357cb75d08ea71722b22b975480003de5dd", [:rebar3], [], "hexpm"},
  "small_ints": {:hex, :small_ints, "0.1.0", "82a824c8794a2ddc73cb5cd00ead11331db296521ad16a619c13d668572b868a", [:rebar3], [], "hexpm"},
  "splicer": {:git, "https://github.com/helium/erlang-splicer.git", "4c75a6f5172efcabdf8626579240a7ab0ed97431", [branch: "master"]},
  "telemetry": {:hex, :telemetry, "0.4.0", "8339bee3fa8b91cb84d14c2935f8ecf399ccd87301ad6da6b71c09553834b2ab", [:rebar3], [], "hexpm"},
  "vincenty": {:git, "https://github.com/helium/vincenty", "b2b13fea367599d918359a2ac0071beefcd8e1b3", [branch: "master"]},
}
